
Microsoft Visual Studio Solution File, Format Version 12.00
# Visual Studio Version 17
VisualStudioVersion = 17.1.32414.318
MinimumVisualStudioVersion = 10.0.40219.1
Project("{888888A0-9F3D-457C-B088-3A5042F75D52}") = "SudokuSolverPrime", "SudokuSolverPrime\SudokuSolverPrime.pyproj", "{2BEB3283-AD43-4497-84D7-2670B040F660}"
EndProject
Global
	GlobalSection(SolutionConfigurationPlatforms) = preSolution
		Debug|Any CPU = Debug|Any CPU
		Release|Any CPU = Release|Any CPU
	EndGlobalSection
	GlobalSection(ProjectConfigurationPlatforms) = postSolution
		{2BEB3283-AD43-4497-84D7-2670B040F660}.Debug|Any CPU.ActiveCfg = Debug|Any CPU
		{2BEB3283-AD43-4497-84D7-2670B040F660}.Release|Any CPU.ActiveCfg = Release|Any CPU
	EndGlobalSection
	GlobalSection(SolutionProperties) = preSolution
		HideSolutionNode = FALSE
	EndGlobalSection
	GlobalSection(ExtensibilityGlobals) = postSolution
		SolutionGuid = {63ED04EF-34E7-4E0C-84EA-91388864F7DC}
	EndGlobalSection
EndGlobal
